// !$*UTF8*$!
{
	archiveVersion = 1;
	classes = {
	};
	objectVersion = 46;
	objects = {

/* Begin PBXBuildFile section */
		812B49701F030422001138A7 /* AppDelegate.swift in Sources */ = {isa = PBXBuildFile; fileRef = 812B496F1F030422001138A7 /* AppDelegate.swift */; };
		812B49721F030422001138A7 /* ViewController.swift in Sources */ = {isa = PBXBuildFile; fileRef = 812B49711F030422001138A7 /* ViewController.swift */; };
		812B49751F030422001138A7 /* Main.storyboard in Resources */ = {isa = PBXBuildFile; fileRef = 812B49731F030422001138A7 /* Main.storyboard */; };
		812B49771F030422001138A7 /* Assets.xcassets in Resources */ = {isa = PBXBuildFile; fileRef = 812B49761F030422001138A7 /* Assets.xcassets */; };
		812B497A1F030422001138A7 /* LaunchScreen.storyboard in Resources */ = {isa = PBXBuildFile; fileRef = 812B49781F030422001138A7 /* LaunchScreen.storyboard */; };
		812B49851F030422001138A7 /* instagramTests.swift in Sources */ = {isa = PBXBuildFile; fileRef = 812B49841F030422001138A7 /* instagramTests.swift */; };
		812B49901F030422001138A7 /* instagramUITests.swift in Sources */ = {isa = PBXBuildFile; fileRef = 812B498F1F030422001138A7 /* instagramUITests.swift */; };
/* End PBXBuildFile section */

/* Begin PBXContainerItemProxy section */
		812B49811F030422001138A7 /* PBXContainerItemProxy */ = {
			isa = PBXContainerItemProxy;
			containerPortal = 812B49641F030422001138A7 /* Project object */;
			proxyType = 1;
			remoteGlobalIDString = 812B496B1F030422001138A7;
			remoteInfo = instagram;
		};
		812B498C1F030422001138A7 /* PBXContainerItemProxy */ = {
			isa = PBXContainerItemProxy;
			containerPortal = 812B49641F030422001138A7 /* Project object */;
			proxyType = 1;
			remoteGlobalIDString = 812B496B1F030422001138A7;
			remoteInfo = instagram;
		};
/* End PBXContainerItemProxy section */

/* Begin PBXFileReference section */
		812B496C1F030422001138A7 /* instagram.app */ = {isa = PBXFileReference; explicitFileType = wrapper.application; includeInIndex = 0; path = instagram.app; sourceTree = BUILT_PRODUCTS_DIR; };
		812B496F1F030422001138A7 /* AppDelegate.swift */ = {isa = PBXFileReference; lastKnownFileType = sourcecode.swift; path = AppDelegate.swift; sourceTree = "<group>"; };
		812B49711F030422001138A7 /* ViewController.swift */ = {isa = PBXFileReference; lastKnownFileType = sourcecode.swift; path = ViewController.swift; sourceTree = "<group>"; };
		812B49741F030422001138A7 /* Base */ = {isa = PBXFileReference; lastKnownFileType = file.storyboard; name = Base; path = Base.lproj/Main.storyboard; sourceTree = "<group>"; };
		812B49761F030422001138A7 /* Assets.xcassets */ = {isa = PBXFileReference; lastKnownFileType = folder.assetcatalog; path = Assets.xcassets; sourceTree = "<group>"; };
		812B49791F030422001138A7 /* Base */ = {isa = PBXFileReference; lastKnownFileType = file.storyboard; name = Base; path = Base.lproj/LaunchScreen.storyboard; sourceTree = "<group>"; };
		812B497B1F030422001138A7 /* Info.plist */ = {isa = PBXFileReference; lastKnownFileType = text.plist.xml; path = Info.plist; sourceTree = "<group>"; };
		812B49801F030422001138A7 /* instagramTests.xctest */ = {isa = PBXFileReference; explicitFileType = wrapper.cfbundle; includeInIndex = 0; path = instagramTests.xctest; sourceTree = BUILT_PRODUCTS_DIR; };
		812B49841F030422001138A7 /* instagramTests.swift */ = {isa = PBXFileReference; lastKnownFileType = sourcecode.swift; path = instagramTests.swift; sourceTree = "<group>"; };
		812B49861F030422001138A7 /* Info.plist */ = {isa = PBXFileReference; lastKnownFileType = text.plist.xml; path = Info.plist; sourceTree = "<group>"; };
		812B498B1F030422001138A7 /* instagramUITests.xctest */ = {isa = PBXFileReference; explicitFileType = wrapper.cfbundle; includeInIndex = 0; path = instagramUITests.xctest; sourceTree = BUILT_PRODUCTS_DIR; };
		812B498F1F030422001138A7 /* instagramUITests.swift */ = {isa = PBXFileReference; lastKnownFileType = sourcecode.swift; path = instagramUITests.swift; sourceTree = "<group>"; };
		812B49911F030422001138A7 /* Info.plist */ = {isa = PBXFileReference; lastKnownFileType = text.plist.xml; path = Info.plist; sourceTree = "<group>"; };
/* End PBXFileReference section */

/* Begin PBXFrameworksBuildPhase section */
		812B49691F030422001138A7 /* Frameworks */ = {
			isa = PBXFrameworksBuildPhase;
			buildActionMask = 2147483647;
			files = (
			);
			runOnlyForDeploymentPostprocessing = 0;
		};
		812B497D1F030422001138A7 /* Frameworks */ = {
			isa = PBXFrameworksBuildPhase;
			buildActionMask = 2147483647;
			files = (
			);
			runOnlyForDeploymentPostprocessing = 0;
		};
		812B49881F030422001138A7 /* Frameworks */ = {
			isa = PBXFrameworksBuildPhase;
			buildActionMask = 2147483647;
			files = (
			);
			runOnlyForDeploymentPostprocessing = 0;
		};
/* End PBXFrameworksBuildPhase section */

/* Begin PBXGroup section */
		812B49631F030422001138A7 = {
			isa = PBXGroup;
			children = (
				812B496E1F030422001138A7 /* instagram */,
				812B49831F030422001138A7 /* instagramTests */,
				812B498E1F030422001138A7 /* instagramUITests */,
				812B496D1F030422001138A7 /* Products */,
			);
			sourceTree = "<group>";
		};
		812B496D1F030422001138A7 /* Products */ = {
			isa = PBXGroup;
			children = (
				812B496C1F030422001138A7 /* instagram.app */,
				812B49801F030422001138A7 /* instagramTests.xctest */,
				812B498B1F030422001138A7 /* instagramUITests.xctest */,
			);
			name = Products;
			sourceTree = "<group>";
		};
		812B496E1F030422001138A7 /* instagram */ = {
			isa = PBXGroup;
			children = (
				812B496F1F030422001138A7 /* AppDelegate.swift */,
				812B49711F030422001138A7 /* ViewController.swift */,
				812B49731F030422001138A7 /* Main.storyboard */,
				812B49761F030422001138A7 /* Assets.xcassets */,
				812B49781F030422001138A7 /* LaunchScreen.storyboard */,
				812B497B1F030422001138A7 /* Info.plist */,
			);
			path = instagram;
			sourceTree = "<group>";
		};
		812B49831F030422001138A7 /* instagramTests */ = {
			isa = PBXGroup;
			children = (
				812B49841F030422001138A7 /* instagramTests.swift */,
				812B49861F030422001138A7 /* Info.plist */,
			);
			path = instagramTests;
			sourceTree = "<group>";
		};
		812B498E1F030422001138A7 /* instagramUITests */ = {
			isa = PBXGroup;
			children = (
				812B498F1F030422001138A7 /* instagramUITests.swift */,
				812B49911F030422001138A7 /* Info.plist */,
			);
			path = instagramUITests;
			sourceTree = "<group>";
		};
/* End PBXGroup section */

/* Begin PBXNativeTarget section */
		812B496B1F030422001138A7 /* instagram */ = {
			isa = PBXNativeTarget;
			buildConfigurationList = 812B49941F030422001138A7 /* Build configuration list for PBXNativeTarget "instagram" */;
			buildPhases = (
				812B49681F030422001138A7 /* Sources */,
				812B49691F030422001138A7 /* Frameworks */,
				812B496A1F030422001138A7 /* Resources */,
			);
			buildRules = (
			);
			dependencies = (
			);
			name = instagram;
			productName = instagram;
			productReference = 812B496C1F030422001138A7 /* instagram.app */;
			productType = "com.apple.product-type.application";
		};
		812B497F1F030422001138A7 /* instagramTests */ = {
			isa = PBXNativeTarget;
			buildConfigurationList = 812B49971F030422001138A7 /* Build configuration list for PBXNativeTarget "instagramTests" */;
			buildPhases = (
				812B497C1F030422001138A7 /* Sources */,
				812B497D1F030422001138A7 /* Frameworks */,
				812B497E1F030422001138A7 /* Resources */,
			);
			buildRules = (
			);
			dependencies = (
				812B49821F030422001138A7 /* PBXTargetDependency */,
			);
			name = instagramTests;
			productName = instagramTests;
			productReference = 812B49801F030422001138A7 /* instagramTests.xctest */;
			productType = "com.apple.product-type.bundle.unit-test";
		};
		812B498A1F030422001138A7 /* instagramUITests */ = {
			isa = PBXNativeTarget;
			buildConfigurationList = 812B499A1F030422001138A7 /* Build configuration list for PBXNativeTarget "instagramUITests" */;
			buildPhases = (
				812B49871F030422001138A7 /* Sources */,
				812B49881F030422001138A7 /* Frameworks */,
				812B49891F030422001138A7 /* Resources */,
			);
			buildRules = (
			);
			dependencies = (
				812B498D1F030422001138A7 /* PBXTargetDependency */,
			);
			name = instagramUITests;
			productName = instagramUITests;
			productReference = 812B498B1F030422001138A7 /* instagramUITests.xctest */;
			productType = "com.apple.product-type.bundle.ui-testing";
		};
/* End PBXNativeTarget section */

/* Begin PBXProject section */
		812B49641F030422001138A7 /* Project object */ = {
			isa = PBXProject;
			attributes = {
				LastSwiftUpdateCheck = 0830;
				LastUpgradeCheck = 0830;
				ORGANIZATIONNAME = "Audrey Jones";
				TargetAttributes = {
					812B496B1F030422001138A7 = {
						CreatedOnToolsVersion = 8.3.2;
						ProvisioningStyle = Automatic;
					};
					812B497F1F030422001138A7 = {
						CreatedOnToolsVersion = 8.3.2;
						ProvisioningStyle = Automatic;
						TestTargetID = 812B496B1F030422001138A7;
					};
					812B498A1F030422001138A7 = {
						CreatedOnToolsVersion = 8.3.2;
						ProvisioningStyle = Automatic;
						TestTargetID = 812B496B1F030422001138A7;
					};
				};
			};
			buildConfigurationList = 812B49671F030422001138A7 /* Build configuration list for PBXProject "instagram" */;
			compatibilityVersion = "Xcode 3.2";
			developmentRegion = English;
			hasScannedForEncodings = 0;
			knownRegions = (
				en,
				Base,
			);
			mainGroup = 812B49631F030422001138A7;
			productRefGroup = 812B496D1F030422001138A7 /* Products */;
			projectDirPath = "";
			projectRoot = "";
			targets = (
				812B496B1F030422001138A7 /* instagram */,
				812B497F1F030422001138A7 /* instagramTests */,
				812B498A1F030422001138A7 /* instagramUITests */,
			);
		};
/* End PBXProject section */

/* Begin PBXResourcesBuildPhase section */
		812B496A1F030422001138A7 /* Resources */ = {
			isa = PBXResourcesBuildPhase;
			buildActionMask = 2147483647;
			files = (
				812B497A1F030422001138A7 /* LaunchScreen.storyboard in Resources */,
				812B49771F030422001138A7 /* Assets.xcassets in Resources */,
				812B49751F030422001138A7 /* Main.storyboard in Resources */,
			);
			runOnlyForDeploymentPostprocessing = 0;
		};
		812B497E1F030422001138A7 /* Resources */ = {
			isa = PBXResourcesBuildPhase;
			buildActionMask = 2147483647;
			files = (
			);
			runOnlyForDeploymentPostprocessing = 0;
		};
		812B49891F030422001138A7 /* Resources */ = {
			isa = PBXResourcesBuildPhase;
			buildActionMask = 2147483647;
			files = (
			);
			runOnlyForDeploymentPostprocessing = 0;
		};
/* End PBXResourcesBuildPhase section */

/* Begin PBXSourcesBuildPhase section */
		812B49681F030422001138A7 /* Sources */ = {
			isa = PBXSourcesBuildPhase;
			buildActionMask = 2147483647;
			files = (
				812B49721F030422001138A7 /* ViewController.swift in Sources */,
				812B49701F030422001138A7 /* AppDelegate.swift in Sources */,
			);
			runOnlyForDeploymentPostprocessing = 0;
		};
		812B497C1F030422001138A7 /* Sources */ = {
			isa = PBXSourcesBuildPhase;
			buildActionMask = 2147483647;
			files = (
				812B49851F030422001138A7 /* instagramTests.swift in Sources */,
			);
			runOnlyForDeploymentPostprocessing = 0;
		};
		812B49871F030422001138A7 /* Sources */ = {
			isa = PBXSourcesBuildPhase;
			buildActionMask = 2147483647;
			files = (
				812B49901F030422001138A7 /* instagramUITests.swift in Sources */,
			);
			runOnlyForDeploymentPostprocessing = 0;
		};
/* End PBXSourcesBuildPhase section */

/* Begin PBXTargetDependency section */
		812B49821F030422001138A7 /* PBXTargetDependency */ = {
			isa = PBXTargetDependency;
			target = 812B496B1F030422001138A7 /* instagram */;
			targetProxy = 812B49811F030422001138A7 /* PBXContainerItemProxy */;
		};
		812B498D1F030422001138A7 /* PBXTargetDependency */ = {
			isa = PBXTargetDependency;
			target = 812B496B1F030422001138A7 /* instagram */;
			targetProxy = 812B498C1F030422001138A7 /* PBXContainerItemProxy */;
		};
/* End PBXTargetDependency section */

/* Begin PBXVariantGroup section */
		812B49731F030422001138A7 /* Main.storyboard */ = {
			isa = PBXVariantGroup;
			children = (
				812B49741F030422001138A7 /* Base */,
			);
			name = Main.storyboard;
			sourceTree = "<group>";
		};
		812B49781F030422001138A7 /* LaunchScreen.storyboard */ = {
			isa = PBXVariantGroup;
			children = (
				812B49791F030422001138A7 /* Base */,
			);
			name = LaunchScreen.storyboard;
			sourceTree = "<group>";
		};
/* End PBXVariantGroup section */

/* Begin XCBuildConfiguration section */
		812B49921F030422001138A7 /* Debug */ = {
			isa = XCBuildConfiguration;
			buildSettings = {
				ALWAYS_SEARCH_USER_PATHS = NO;
				CLANG_ANALYZER_NONNULL = YES;
				CLANG_ANALYZER_NUMBER_OBJECT_CONVERSION = YES_AGGRESSIVE;
				CLANG_CXX_LANGUAGE_STANDARD = "gnu++0x";
				CLANG_CXX_LIBRARY = "libc++";
				CLANG_ENABLE_MODULES = YES;
				CLANG_ENABLE_OBJC_ARC = YES;
				CLANG_WARN_BOOL_CONVERSION = YES;
				CLANG_WARN_CONSTANT_CONVERSION = YES;
				CLANG_WARN_DIRECT_OBJC_ISA_USAGE = YES_ERROR;
				CLANG_WARN_DOCUMENTATION_COMMENTS = YES;
				CLANG_WARN_EMPTY_BODY = YES;
				CLANG_WARN_ENUM_CONVERSION = YES;
				CLANG_WARN_INFINITE_RECURSION = YES;
				CLANG_WARN_INT_CONVERSION = YES;
				CLANG_WARN_OBJC_ROOT_CLASS = YES_ERROR;
				CLANG_WARN_SUSPICIOUS_MOVE = YES;
				CLANG_WARN_UNREACHABLE_CODE = YES;
				CLANG_WARN__DUPLICATE_METHOD_MATCH = YES;
				"CODE_SIGN_IDENTITY[sdk=iphoneos*]" = "iPhone Developer";
				COPY_PHASE_STRIP = NO;
				DEBUG_INFORMATION_FORMAT = dwarf;
				ENABLE_STRICT_OBJC_MSGSEND = YES;
				ENABLE_TESTABILITY = YES;
				GCC_C_LANGUAGE_STANDARD = gnu99;
				GCC_DYNAMIC_NO_PIC = NO;
				GCC_NO_COMMON_BLOCKS = YES;
				GCC_OPTIMIZATION_LEVEL = 0;
				GCC_PREPROCESSOR_DEFINITIONS = (
					"DEBUG=1",
					"$(inherited)",
				);
				GCC_WARN_64_TO_32_BIT_CONVERSION = YES;
				GCC_WARN_ABOUT_RETURN_TYPE = YES_ERROR;
				GCC_WARN_UNDECLARED_SELECTOR = YES;
				GCC_WARN_UNINITIALIZED_AUTOS = YES_AGGRESSIVE;
				GCC_WARN_UNUSED_FUNCTION = YES;
				GCC_WARN_UNUSED_VARIABLE = YES;
				IPHONEOS_DEPLOYMENT_TARGET = 10.3;
				MTL_ENABLE_DEBUG_INFO = YES;
				ONLY_ACTIVE_ARCH = YES;
				SDKROOT = iphoneos;
				SWIFT_ACTIVE_COMPILATION_CONDITIONS = DEBUG;
				SWIFT_OPTIMIZATION_LEVEL = "-Onone";
			};
			name = Debug;
		};
		812B49931F030422001138A7 /* Release */ = {
			isa = XCBuildConfiguration;
			buildSettings = {
				ALWAYS_SEARCH_USER_PATHS = NO;
				CLANG_ANALYZER_NONNULL = YES;
				CLANG_ANALYZER_NUMBER_OBJECT_CONVERSION = YES_AGGRESSIVE;
				CLANG_CXX_LANGUAGE_STANDARD = "gnu++0x";
				CLANG_CXX_LIBRARY = "libc++";
				CLANG_ENABLE_MODULES = YES;
				CLANG_ENABLE_OBJC_ARC = YES;
				CLANG_WARN_BOOL_CONVERSION = YES;
				CLANG_WARN_CONSTANT_CONVERSION = YES;
				CLANG_WARN_DIRECT_OBJC_ISA_USAGE = YES_ERROR;
				CLANG_WARN_DOCUMENTATION_COMMENTS = YES;
				CLANG_WARN_EMPTY_BODY = YES;
				CLANG_WARN_ENUM_CONVERSION = YES;
				CLANG_WARN_INFINITE_RECURSION = YES;
				CLANG_WARN_INT_CONVERSION = YES;
				CLANG_WARN_OBJC_ROOT_CLASS = YES_ERROR;
				CLANG_WARN_SUSPICIOUS_MOVE = YES;
				CLANG_WARN_UNREACHABLE_CODE = YES;
				CLANG_WARN__DUPLICATE_METHOD_MATCH = YES;
				"CODE_SIGN_IDENTITY[sdk=iphoneos*]" = "iPhone Developer";
				COPY_PHASE_STRIP = NO;
				DEBUG_INFORMATION_FORMAT = "dwarf-with-dsym";
				ENABLE_NS_ASSERTIONS = NO;
				ENABLE_STRICT_OBJC_MSGSEND = YES;
				GCC_C_LANGUAGE_STANDARD = gnu99;
				GCC_NO_COMMON_BLOCKS = YES;
				GCC_WARN_64_TO_32_BIT_CONVERSION = YES;
				GCC_WARN_ABOUT_RETURN_TYPE = YES_ERROR;
				GCC_WARN_UNDECLARED_SELECTOR = YES;
				GCC_WARN_UNINITIALIZED_AUTOS = YES_AGGRESSIVE;
				GCC_WARN_UNUSED_FUNCTION = YES;
				GCC_WARN_UNUSED_VARIABLE = YES;
				IPHONEOS_DEPLOYMENT_TARGET = 10.3;
				MTL_ENABLE_DEBUG_INFO = NO;
				SDKROOT = iphoneos;
				SWIFT_OPTIMIZATION_LEVEL = "-Owholemodule";
				VALIDATE_PRODUCT = YES;
			};
			name = Release;
		};
		812B49951F030422001138A7 /* Debug */ = {
			isa = XCBuildConfiguration;
			buildSettings = {
				ASSETCATALOG_COMPILER_APPICON_NAME = AppIcon;
				INFOPLIST_FILE = instagram/Info.plist;
				LD_RUNPATH_SEARCH_PATHS = "$(inherited) @executable_path/Frameworks";
				PRODUCT_BUNDLE_IDENTIFIER = com.audrey.instagram;
				PRODUCT_NAME = "$(TARGET_NAME)";
				SWIFT_VERSION = 3.0;
			};
			name = Debug;
		};
		812B49961F030422001138A7 /* Release */ = {
			isa = XCBuildConfiguration;
			buildSettings = {
				ASSETCATALOG_COMPILER_APPICON_NAME = AppIcon;
				INFOPLIST_FILE = instagram/Info.plist;
				LD_RUNPATH_SEARCH_PATHS = "$(inherited) @executable_path/Frameworks";
				PRODUCT_BUNDLE_IDENTIFIER = com.audrey.instagram;
				PRODUCT_NAME = "$(TARGET_NAME)";
				SWIFT_VERSION = 3.0;
			};
			name = Release;
		};
		812B49981F030422001138A7 /* Debug */ = {
			isa = XCBuildConfiguration;
			buildSettings = {
				ALWAYS_EMBED_SWIFT_STANDARD_LIBRARIES = YES;
				BUNDLE_LOADER = "$(TEST_HOST)";
				INFOPLIST_FILE = instagramTests/Info.plist;
				LD_RUNPATH_SEARCH_PATHS = "$(inherited) @executable_path/Frameworks @loader_path/Frameworks";
				PRODUCT_BUNDLE_IDENTIFIER = com.audrey.instagramTests;
				PRODUCT_NAME = "$(TARGET_NAME)";
				SWIFT_VERSION = 3.0;
				TEST_HOST = "$(BUILT_PRODUCTS_DIR)/instagram.app/instagram";
			};
			name = Debug;
		};
		812B49991F030422001138A7 /* Release */ = {
			isa = XCBuildConfiguration;
			buildSettings = {
				ALWAYS_EMBED_SWIFT_STANDARD_LIBRARIES = YES;
				BUNDLE_LOADER = "$(TEST_HOST)";
				INFOPLIST_FILE = instagramTests/Info.plist;
				LD_RUNPATH_SEARCH_PATHS = "$(inherited) @executable_path/Frameworks @loader_path/Frameworks";
				PRODUCT_BUNDLE_IDENTIFIER = com.audrey.instagramTests;
				PRODUCT_NAME = "$(TARGET_NAME)";
				SWIFT_VERSION = 3.0;
				TEST_HOST = "$(BUILT_PRODUCTS_DIR)/instagram.app/instagram";
			};
			name = Release;
		};
		812B499B1F030422001138A7 /* Debug */ = {
			isa = XCBuildConfiguration;
			buildSettings = {
				ALWAYS_EMBED_SWIFT_STANDARD_LIBRARIES = YES;
				INFOPLIST_FILE = instagramUITests/Info.plist;
				LD_RUNPATH_SEARCH_PATHS = "$(inherited) @executable_path/Frameworks @loader_path/Frameworks";
				PRODUCT_BUNDLE_IDENTIFIER = com.audrey.instagramUITests;
				PRODUCT_NAME = "$(TARGET_NAME)";
				SWIFT_VERSION = 3.0;
				TEST_TARGET_NAME = instagram;
			};
			name = Debug;
		};
		812B499C1F030422001138A7 /* Release */ = {
			isa = XCBuildConfiguration;
			buildSettings = {
				ALWAYS_EMBED_SWIFT_STANDARD_LIBRARIES = YES;
				INFOPLIST_FILE = instagramUITests/Info.plist;
				LD_RUNPATH_SEARCH_PATHS = "$(inherited) @executable_path/Frameworks @loader_path/Frameworks";
				PRODUCT_BUNDLE_IDENTIFIER = com.audrey.instagramUITests;
				PRODUCT_NAME = "$(TARGET_NAME)";
				SWIFT_VERSION = 3.0;
				TEST_TARGET_NAME = instagram;
			};
			name = Release;
		};
/* End XCBuildConfiguration section */

/* Begin XCConfigurationList section */
		812B49671F030422001138A7 /* Build configuration list for PBXProject "instagram" */ = {
			isa = XCConfigurationList;
			buildConfigurations = (
				812B49921F030422001138A7 /* Debug */,
				812B49931F030422001138A7 /* Release */,
			);
			defaultConfigurationIsVisible = 0;
			defaultConfigurationName = Release;
		};
		812B49941F030422001138A7 /* Build configuration list for PBXNativeTarget "instagram" */ = {
			isa = XCConfigurationList;
			buildConfigurations = (
				812B49951F030422001138A7 /* Debug */,
				812B49961F030422001138A7 /* Release */,
			);
			defaultConfigurationIsVisible = 0;
		};
		812B49971F030422001138A7 /* Build configuration list for PBXNativeTarget "instagramTests" */ = {
			isa = XCConfigurationList;
			buildConfigurations = (
				812B49981F030422001138A7 /* Debug */,
				812B49991F030422001138A7 /* Release */,
			);
			defaultConfigurationIsVisible = 0;
		};
		812B499A1F030422001138A7 /* Build configuration list for PBXNativeTarget "instagramUITests" */ = {
			isa = XCConfigurationList;
			buildConfigurations = (
				812B499B1F030422001138A7 /* Debug */,
				812B499C1F030422001138A7 /* Release */,
			);
			defaultConfigurationIsVisible = 0;
		};
/* End XCConfigurationList section */
	};
	rootObject = 812B49641F030422001138A7 /* Project object */;
}
