// !$*UTF8*$!
{
	archiveVersion = 1;
	classes = {
	};
	objectVersion = 46;
	objects = {

/* Begin PBXBuildFile section */
		4F5B9EBA7FECDC7C04A46962 /* Pods_instagramUITests.framework in Frameworks */ = {isa = PBXBuildFile; fileRef = CD5C4EEBF406364721679C2C /* Pods_instagramUITests.framework */; };
		812B49701F030422001138A7 /* AppDelegate.swift in Sources */ = {isa = PBXBuildFile; fileRef = 812B496F1F030422001138A7 /* AppDelegate.swift */; };
		812B49751F030422001138A7 /* Main.storyboard in Resources */ = {isa = PBXBuildFile; fileRef = 812B49731F030422001138A7 /* Main.storyboard */; };
		812B497A1F030422001138A7 /* LaunchScreen.storyboard in Resources */ = {isa = PBXBuildFile; fileRef = 812B49781F030422001138A7 /* LaunchScreen.storyboard */; };
		812B49851F030422001138A7 /* instagramTests.swift in Sources */ = {isa = PBXBuildFile; fileRef = 812B49841F030422001138A7 /* instagramTests.swift */; };
		812B49901F030422001138A7 /* instagramUITests.swift in Sources */ = {isa = PBXBuildFile; fileRef = 812B498F1F030422001138A7 /* instagramUITests.swift */; };
		812B499E1F030D78001138A7 /* LoginViewController.swift in Sources */ = {isa = PBXBuildFile; fileRef = 812B499D1F030D78001138A7 /* LoginViewController.swift */; };
		812B49A01F032670001138A7 /* FeedViewController.swift in Sources */ = {isa = PBXBuildFile; fileRef = 812B499F1F032670001138A7 /* FeedViewController.swift */; };
		812B49A41F032ED1001138A7 /* Post.swift in Sources */ = {isa = PBXBuildFile; fileRef = 812B49A31F032ED1001138A7 /* Post.swift */; };
		812B49A81F033147001138A7 /* PostCell.swift in Sources */ = {isa = PBXBuildFile; fileRef = 812B49A71F033147001138A7 /* PostCell.swift */; };
		812B49AA1F0389C0001138A7 /* PostViewController.swift in Sources */ = {isa = PBXBuildFile; fileRef = 812B49A91F0389C0001138A7 /* PostViewController.swift */; };
		812B49AC1F039776001138A7 /* ProfileViewController.swift in Sources */ = {isa = PBXBuildFile; fileRef = 812B49AB1F039776001138A7 /* ProfileViewController.swift */; };
		812B49AE1F045EA1001138A7 /* Assets.xcassets in Resources */ = {isa = PBXBuildFile; fileRef = 812B49AD1F045EA1001138A7 /* Assets.xcassets */; };
		812B49B01F047C70001138A7 /* DetailViewController.swift in Sources */ = {isa = PBXBuildFile; fileRef = 812B49AF1F047C70001138A7 /* DetailViewController.swift */; };
		812B49B31F047F55001138A7 /* PicCell.swift in Sources */ = {isa = PBXBuildFile; fileRef = 812B49B21F047F55001138A7 /* PicCell.swift */; };
		BEFB3742A3096BF0CBA9E8F6 /* Pods_instagramTests.framework in Frameworks */ = {isa = PBXBuildFile; fileRef = 645A44746BD380C38ABA1105 /* Pods_instagramTests.framework */; };
		E8D8224294DED5C1F66A959E /* Pods_instagram.framework in Frameworks */ = {isa = PBXBuildFile; fileRef = 85CDF969C047EBD6BBAF2F16 /* Pods_instagram.framework */; };
/* End PBXBuildFile section */

/* Begin PBXContainerItemProxy section */
		812B49811F030422001138A7 /* PBXContainerItemProxy */ = {
			isa = PBXContainerItemProxy;
			containerPortal = 812B49641F030422001138A7 /* Project object */;
			proxyType = 1;
			remoteGlobalIDString = 812B496B1F030422001138A7;
			remoteInfo = instagram;
		};
		812B498C1F030422001138A7 /* PBXContainerItemProxy */ = {
			isa = PBXContainerItemProxy;
			containerPortal = 812B49641F030422001138A7 /* Project object */;
			proxyType = 1;
			remoteGlobalIDString = 812B496B1F030422001138A7;
			remoteInfo = instagram;
		};
/* End PBXContainerItemProxy section */

/* Begin PBXFileReference section */
		091BDAEB43BB3315D00CF710 /* Pods-instagram.release.xcconfig */ = {isa = PBXFileReference; includeInIndex = 1; lastKnownFileType = text.xcconfig; name = "Pods-instagram.release.xcconfig"; path = "Pods/Target Support Files/Pods-instagram/Pods-instagram.release.xcconfig"; sourceTree = "<group>"; };
		1D860F188A61B5100C0C2420 /* Pods-instagram.debug.xcconfig */ = {isa = PBXFileReference; includeInIndex = 1; lastKnownFileType = text.xcconfig; name = "Pods-instagram.debug.xcconfig"; path = "Pods/Target Support Files/Pods-instagram/Pods-instagram.debug.xcconfig"; sourceTree = "<group>"; };
		645A44746BD380C38ABA1105 /* Pods_instagramTests.framework */ = {isa = PBXFileReference; explicitFileType = wrapper.framework; includeInIndex = 0; path = Pods_instagramTests.framework; sourceTree = BUILT_PRODUCTS_DIR; };
		70CE885C931EFB59E37D1EC1 /* Pods-instagramUITests.debug.xcconfig */ = {isa = PBXFileReference; includeInIndex = 1; lastKnownFileType = text.xcconfig; name = "Pods-instagramUITests.debug.xcconfig"; path = "Pods/Target Support Files/Pods-instagramUITests/Pods-instagramUITests.debug.xcconfig"; sourceTree = "<group>"; };
		812B496C1F030422001138A7 /* instagram.app */ = {isa = PBXFileReference; explicitFileType = wrapper.application; includeInIndex = 0; path = instagram.app; sourceTree = BUILT_PRODUCTS_DIR; };
		812B496F1F030422001138A7 /* AppDelegate.swift */ = {isa = PBXFileReference; lastKnownFileType = sourcecode.swift; path = AppDelegate.swift; sourceTree = "<group>"; };
		812B49741F030422001138A7 /* Base */ = {isa = PBXFileReference; lastKnownFileType = file.storyboard; name = Base; path = Base.lproj/Main.storyboard; sourceTree = "<group>"; };
		812B49791F030422001138A7 /* Base */ = {isa = PBXFileReference; lastKnownFileType = file.storyboard; name = Base; path = Base.lproj/LaunchScreen.storyboard; sourceTree = "<group>"; };
		812B497B1F030422001138A7 /* Info.plist */ = {isa = PBXFileReference; lastKnownFileType = text.plist.xml; path = Info.plist; sourceTree = "<group>"; };
		812B49801F030422001138A7 /* instagramTests.xctest */ = {isa = PBXFileReference; explicitFileType = wrapper.cfbundle; includeInIndex = 0; path = instagramTests.xctest; sourceTree = BUILT_PRODUCTS_DIR; };
		812B49841F030422001138A7 /* instagramTests.swift */ = {isa = PBXFileReference; lastKnownFileType = sourcecode.swift; path = instagramTests.swift; sourceTree = "<group>"; };
		812B49861F030422001138A7 /* Info.plist */ = {isa = PBXFileReference; lastKnownFileType = text.plist.xml; path = Info.plist; sourceTree = "<group>"; };
		812B498B1F030422001138A7 /* instagramUITests.xctest */ = {isa = PBXFileReference; explicitFileType = wrapper.cfbundle; includeInIndex = 0; path = instagramUITests.xctest; sourceTree = BUILT_PRODUCTS_DIR; };
		812B498F1F030422001138A7 /* instagramUITests.swift */ = {isa = PBXFileReference; lastKnownFileType = sourcecode.swift; path = instagramUITests.swift; sourceTree = "<group>"; };
		812B49911F030422001138A7 /* Info.plist */ = {isa = PBXFileReference; lastKnownFileType = text.plist.xml; path = Info.plist; sourceTree = "<group>"; };
		812B499D1F030D78001138A7 /* LoginViewController.swift */ = {isa = PBXFileReference; fileEncoding = 4; lastKnownFileType = sourcecode.swift; path = LoginViewController.swift; sourceTree = "<group>"; };
		812B499F1F032670001138A7 /* FeedViewController.swift */ = {isa = PBXFileReference; fileEncoding = 4; lastKnownFileType = sourcecode.swift; path = FeedViewController.swift; sourceTree = "<group>"; };
		812B49A31F032ED1001138A7 /* Post.swift */ = {isa = PBXFileReference; fileEncoding = 4; lastKnownFileType = sourcecode.swift; path = Post.swift; sourceTree = "<group>"; };
		812B49A71F033147001138A7 /* PostCell.swift */ = {isa = PBXFileReference; fileEncoding = 4; lastKnownFileType = sourcecode.swift; path = PostCell.swift; sourceTree = "<group>"; };
		812B49A91F0389C0001138A7 /* PostViewController.swift */ = {isa = PBXFileReference; fileEncoding = 4; lastKnownFileType = sourcecode.swift; path = PostViewController.swift; sourceTree = "<group>"; };
		812B49AB1F039776001138A7 /* ProfileViewController.swift */ = {isa = PBXFileReference; fileEncoding = 4; lastKnownFileType = sourcecode.swift; path = ProfileViewController.swift; sourceTree = "<group>"; };
		812B49AD1F045EA1001138A7 /* Assets.xcassets */ = {isa = PBXFileReference; lastKnownFileType = folder.assetcatalog; path = Assets.xcassets; sourceTree = "<group>"; };
		812B49AF1F047C70001138A7 /* DetailViewController.swift */ = {isa = PBXFileReference; fileEncoding = 4; lastKnownFileType = sourcecode.swift; path = DetailViewController.swift; sourceTree = "<group>"; };
		812B49B21F047F55001138A7 /* PicCell.swift */ = {isa = PBXFileReference; fileEncoding = 4; lastKnownFileType = sourcecode.swift; path = PicCell.swift; sourceTree = "<group>"; };
		85CDF969C047EBD6BBAF2F16 /* Pods_instagram.framework */ = {isa = PBXFileReference; explicitFileType = wrapper.framework; includeInIndex = 0; path = Pods_instagram.framework; sourceTree = BUILT_PRODUCTS_DIR; };
		98A4F42F68AD279EEE2A922E /* Pods-instagramTests.release.xcconfig */ = {isa = PBXFileReference; includeInIndex = 1; lastKnownFileType = text.xcconfig; name = "Pods-instagramTests.release.xcconfig"; path = "Pods/Target Support Files/Pods-instagramTests/Pods-instagramTests.release.xcconfig"; sourceTree = "<group>"; };
		C34A1C7B6C1F03A92DF6F09C /* Pods-instagramUITests.release.xcconfig */ = {isa = PBXFileReference; includeInIndex = 1; lastKnownFileType = text.xcconfig; name = "Pods-instagramUITests.release.xcconfig"; path = "Pods/Target Support Files/Pods-instagramUITests/Pods-instagramUITests.release.xcconfig"; sourceTree = "<group>"; };
		CD5C4EEBF406364721679C2C /* Pods_instagramUITests.framework */ = {isa = PBXFileReference; explicitFileType = wrapper.framework; includeInIndex = 0; path = Pods_instagramUITests.framework; sourceTree = BUILT_PRODUCTS_DIR; };
		D13FD1538389E7DBD66226EC /* Pods-instagramTests.debug.xcconfig */ = {isa = PBXFileReference; includeInIndex = 1; lastKnownFileType = text.xcconfig; name = "Pods-instagramTests.debug.xcconfig"; path = "Pods/Target Support Files/Pods-instagramTests/Pods-instagramTests.debug.xcconfig"; sourceTree = "<group>"; };
/* End PBXFileReference section */

/* Begin PBXFrameworksBuildPhase section */
		812B49691F030422001138A7 /* Frameworks */ = {
			isa = PBXFrameworksBuildPhase;
			buildActionMask = 2147483647;
			files = (
				E8D8224294DED5C1F66A959E /* Pods_instagram.framework in Frameworks */,
			);
			runOnlyForDeploymentPostprocessing = 0;
		};
		812B497D1F030422001138A7 /* Frameworks */ = {
			isa = PBXFrameworksBuildPhase;
			buildActionMask = 2147483647;
			files = (
				BEFB3742A3096BF0CBA9E8F6 /* Pods_instagramTests.framework in Frameworks */,
			);
			runOnlyForDeploymentPostprocessing = 0;
		};
		812B49881F030422001138A7 /* Frameworks */ = {
			isa = PBXFrameworksBuildPhase;
			buildActionMask = 2147483647;
			files = (
				4F5B9EBA7FECDC7C04A46962 /* Pods_instagramUITests.framework in Frameworks */,
			);
			runOnlyForDeploymentPostprocessing = 0;
		};
/* End PBXFrameworksBuildPhase section */

/* Begin PBXGroup section */
		812B49631F030422001138A7 = {
			isa = PBXGroup;
			children = (
				812B496E1F030422001138A7 /* instagram */,
				812B49831F030422001138A7 /* instagramTests */,
				812B498E1F030422001138A7 /* instagramUITests */,
				812B496D1F030422001138A7 /* Products */,
				AC4B6F5A1C8611F30977EBA6 /* Pods */,
				F84D4E82CD75F8769F6527D5 /* Frameworks */,
			);
			sourceTree = "<group>";
		};
		812B496D1F030422001138A7 /* Products */ = {
			isa = PBXGroup;
			children = (
				812B496C1F030422001138A7 /* instagram.app */,
				812B49801F030422001138A7 /* instagramTests.xctest */,
				812B498B1F030422001138A7 /* instagramUITests.xctest */,
			);
			name = Products;
			sourceTree = "<group>";
		};
		812B496E1F030422001138A7 /* instagram */ = {
			isa = PBXGroup;
			children = (
				812B49B11F047D5C001138A7 /* view controllers */,
				812B496F1F030422001138A7 /* AppDelegate.swift */,
				812B49AD1F045EA1001138A7 /* Assets.xcassets */,
				812B49731F030422001138A7 /* Main.storyboard */,
				812B49781F030422001138A7 /* LaunchScreen.storyboard */,
				812B497B1F030422001138A7 /* Info.plist */,
				812B49A31F032ED1001138A7 /* Post.swift */,
				812B49A71F033147001138A7 /* PostCell.swift */,
				812B49B21F047F55001138A7 /* PicCell.swift */,
			);
			path = instagram;
			sourceTree = "<group>";
		};
		812B49831F030422001138A7 /* instagramTests */ = {
			isa = PBXGroup;
			children = (
				812B49841F030422001138A7 /* instagramTests.swift */,
				812B49861F030422001138A7 /* Info.plist */,
			);
			path = instagramTests;
			sourceTree = "<group>";
		};
		812B498E1F030422001138A7 /* instagramUITests */ = {
			isa = PBXGroup;
			children = (
				812B498F1F030422001138A7 /* instagramUITests.swift */,
				812B49911F030422001138A7 /* Info.plist */,
			);
			path = instagramUITests;
			sourceTree = "<group>";
		};
		812B49B11F047D5C001138A7 /* view controllers */ = {
			isa = PBXGroup;
			children = (
				812B49A91F0389C0001138A7 /* PostViewController.swift */,
				812B49AB1F039776001138A7 /* ProfileViewController.swift */,
				812B49AF1F047C70001138A7 /* DetailViewController.swift */,
				812B499D1F030D78001138A7 /* LoginViewController.swift */,
				812B499F1F032670001138A7 /* FeedViewController.swift */,
			);
			name = "view controllers";
			sourceTree = "<group>";
		};
		AC4B6F5A1C8611F30977EBA6 /* Pods */ = {
			isa = PBXGroup;
			children = (
				1D860F188A61B5100C0C2420 /* Pods-instagram.debug.xcconfig */,
				091BDAEB43BB3315D00CF710 /* Pods-instagram.release.xcconfig */,
				D13FD1538389E7DBD66226EC /* Pods-instagramTests.debug.xcconfig */,
				98A4F42F68AD279EEE2A922E /* Pods-instagramTests.release.xcconfig */,
				70CE885C931EFB59E37D1EC1 /* Pods-instagramUITests.debug.xcconfig */,
				C34A1C7B6C1F03A92DF6F09C /* Pods-instagramUITests.release.xcconfig */,
			);
			name = Pods;
			sourceTree = "<group>";
		};
		F84D4E82CD75F8769F6527D5 /* Frameworks */ = {
			isa = PBXGroup;
			children = (
				85CDF969C047EBD6BBAF2F16 /* Pods_instagram.framework */,
				645A44746BD380C38ABA1105 /* Pods_instagramTests.framework */,
				CD5C4EEBF406364721679C2C /* Pods_instagramUITests.framework */,
			);
			name = Frameworks;
			sourceTree = "<group>";
		};
/* End PBXGroup section */

/* Begin PBXNativeTarget section */
		812B496B1F030422001138A7 /* instagram */ = {
			isa = PBXNativeTarget;
			buildConfigurationList = 812B49941F030422001138A7 /* Build configuration list for PBXNativeTarget "instagram" */;
			buildPhases = (
				46911985EE083F3BF0058382 /* [CP] Check Pods Manifest.lock */,
				812B49681F030422001138A7 /* Sources */,
				812B49691F030422001138A7 /* Frameworks */,
				812B496A1F030422001138A7 /* Resources */,
				98A08B491ADC739D7A74867C /* [CP] Embed Pods Frameworks */,
				3C266A1816FED127B887C0B9 /* [CP] Copy Pods Resources */,
			);
			buildRules = (
			);
			dependencies = (
			);
			name = instagram;
			productName = instagram;
			productReference = 812B496C1F030422001138A7 /* instagram.app */;
			productType = "com.apple.product-type.application";
		};
		812B497F1F030422001138A7 /* instagramTests */ = {
			isa = PBXNativeTarget;
			buildConfigurationList = 812B49971F030422001138A7 /* Build configuration list for PBXNativeTarget "instagramTests" */;
			buildPhases = (
				AD881E6329383CE7AE23419D /* [CP] Check Pods Manifest.lock */,
				812B497C1F030422001138A7 /* Sources */,
				812B497D1F030422001138A7 /* Frameworks */,
				812B497E1F030422001138A7 /* Resources */,
				97349319EE305BEA06ED8D9B /* [CP] Embed Pods Frameworks */,
				F30DBD4D825BD50A7A31F4DD /* [CP] Copy Pods Resources */,
			);
			buildRules = (
			);
			dependencies = (
				812B49821F030422001138A7 /* PBXTargetDependency */,
			);
			name = instagramTests;
			productName = instagramTests;
			productReference = 812B49801F030422001138A7 /* instagramTests.xctest */;
			productType = "com.apple.product-type.bundle.unit-test";
		};
		812B498A1F030422001138A7 /* instagramUITests */ = {
			isa = PBXNativeTarget;
			buildConfigurationList = 812B499A1F030422001138A7 /* Build configuration list for PBXNativeTarget "instagramUITests" */;
			buildPhases = (
				3E904DB5E0FF93DC167C341C /* [CP] Check Pods Manifest.lock */,
				812B49871F030422001138A7 /* Sources */,
				812B49881F030422001138A7 /* Frameworks */,
				812B49891F030422001138A7 /* Resources */,
				B4EC6C1D20D316E98561BDEE /* [CP] Embed Pods Frameworks */,
				5EB5A61F8F2137666AC9B9A4 /* [CP] Copy Pods Resources */,
			);
			buildRules = (
			);
			dependencies = (
				812B498D1F030422001138A7 /* PBXTargetDependency */,
			);
			name = instagramUITests;
			productName = instagramUITests;
			productReference = 812B498B1F030422001138A7 /* instagramUITests.xctest */;
			productType = "com.apple.product-type.bundle.ui-testing";
		};
/* End PBXNativeTarget section */

/* Begin PBXProject section */
		812B49641F030422001138A7 /* Project object */ = {
			isa = PBXProject;
			attributes = {
				LastSwiftUpdateCheck = 0830;
				LastUpgradeCheck = 0830;
				ORGANIZATIONNAME = "Audrey Jones";
				TargetAttributes = {
					812B496B1F030422001138A7 = {
						CreatedOnToolsVersion = 8.3.2;
						DevelopmentTeam = 66XFGWHLA7;
						ProvisioningStyle = Automatic;
					};
					812B497F1F030422001138A7 = {
						CreatedOnToolsVersion = 8.3.2;
						ProvisioningStyle = Automatic;
						TestTargetID = 812B496B1F030422001138A7;
					};
					812B498A1F030422001138A7 = {
						CreatedOnToolsVersion = 8.3.2;
						ProvisioningStyle = Automatic;
						TestTargetID = 812B496B1F030422001138A7;
					};
				};
			};
			buildConfigurationList = 812B49671F030422001138A7 /* Build configuration list for PBXProject "instagram" */;
			compatibilityVersion = "Xcode 3.2";
			developmentRegion = English;
			hasScannedForEncodings = 0;
			knownRegions = (
				en,
				Base,
			);
			mainGroup = 812B49631F030422001138A7;
			productRefGroup = 812B496D1F030422001138A7 /* Products */;
			projectDirPath = "";
			projectRoot = "";
			targets = (
				812B496B1F030422001138A7 /* instagram */,
				812B497F1F030422001138A7 /* instagramTests */,
				812B498A1F030422001138A7 /* instagramUITests */,
			);
		};
/* End PBXProject section */

/* Begin PBXResourcesBuildPhase section */
		812B496A1F030422001138A7 /* Resources */ = {
			isa = PBXResourcesBuildPhase;
			buildActionMask = 2147483647;
			files = (
				812B497A1F030422001138A7 /* LaunchScreen.storyboard in Resources */,
				812B49AE1F045EA1001138A7 /* Assets.xcassets in Resources */,
				812B49751F030422001138A7 /* Main.storyboard in Resources */,
			);
			runOnlyForDeploymentPostprocessing = 0;
		};
		812B497E1F030422001138A7 /* Resources */ = {
			isa = PBXResourcesBuildPhase;
			buildActionMask = 2147483647;
			files = (
			);
			runOnlyForDeploymentPostprocessing = 0;
		};
		812B49891F030422001138A7 /* Resources */ = {
			isa = PBXResourcesBuildPhase;
			buildActionMask = 2147483647;
			files = (
			);
			runOnlyForDeploymentPostprocessing = 0;
		};
/* End PBXResourcesBuildPhase section */

/* Begin PBXShellScriptBuildPhase section */
		3C266A1816FED127B887C0B9 /* [CP] Copy Pods Resources */ = {
			isa = PBXShellScriptBuildPhase;
			buildActionMask = 2147483647;
			files = (
			);
			inputPaths = (
			);
			name = "[CP] Copy Pods Resources";
			outputPaths = (
			);
			runOnlyForDeploymentPostprocessing = 0;
			shellPath = /bin/sh;
			shellScript = "\"${SRCROOT}/Pods/Target Support Files/Pods-instagram/Pods-instagram-resources.sh\"\n";
			showEnvVarsInLog = 0;
		};
		3E904DB5E0FF93DC167C341C /* [CP] Check Pods Manifest.lock */ = {
			isa = PBXShellScriptBuildPhase;
			buildActionMask = 2147483647;
			files = (
			);
			inputPaths = (
			);
			name = "[CP] Check Pods Manifest.lock";
			outputPaths = (
			);
			runOnlyForDeploymentPostprocessing = 0;
			shellPath = /bin/sh;
			shellScript = "diff \"${PODS_PODFILE_DIR_PATH}/Podfile.lock\" \"${PODS_ROOT}/Manifest.lock\" > /dev/null\nif [ $? != 0 ] ; then\n    # print error to STDERR\n    echo \"error: The sandbox is not in sync with the Podfile.lock. Run 'pod install' or update your CocoaPods installation.\" >&2\n    exit 1\nfi\n";
			showEnvVarsInLog = 0;
		};
		46911985EE083F3BF0058382 /* [CP] Check Pods Manifest.lock */ = {
			isa = PBXShellScriptBuildPhase;
			buildActionMask = 2147483647;
			files = (
			);
			inputPaths = (
			);
			name = "[CP] Check Pods Manifest.lock";
			outputPaths = (
			);
			runOnlyForDeploymentPostprocessing = 0;
			shellPath = /bin/sh;
			shellScript = "diff \"${PODS_PODFILE_DIR_PATH}/Podfile.lock\" \"${PODS_ROOT}/Manifest.lock\" > /dev/null\nif [ $? != 0 ] ; then\n    # print error to STDERR\n    echo \"error: The sandbox is not in sync with the Podfile.lock. Run 'pod install' or update your CocoaPods installation.\" >&2\n    exit 1\nfi\n";
			showEnvVarsInLog = 0;
		};
		5EB5A61F8F2137666AC9B9A4 /* [CP] Copy Pods Resources */ = {
			isa = PBXShellScriptBuildPhase;
			buildActionMask = 2147483647;
			files = (
			);
			inputPaths = (
			);
			name = "[CP] Copy Pods Resources";
			outputPaths = (
			);
			runOnlyForDeploymentPostprocessing = 0;
			shellPath = /bin/sh;
			shellScript = "\"${SRCROOT}/Pods/Target Support Files/Pods-instagramUITests/Pods-instagramUITests-resources.sh\"\n";
			showEnvVarsInLog = 0;
		};
		97349319EE305BEA06ED8D9B /* [CP] Embed Pods Frameworks */ = {
			isa = PBXShellScriptBuildPhase;
			buildActionMask = 2147483647;
			files = (
			);
			inputPaths = (
			);
			name = "[CP] Embed Pods Frameworks";
			outputPaths = (
			);
			runOnlyForDeploymentPostprocessing = 0;
			shellPath = /bin/sh;
			shellScript = "\"${SRCROOT}/Pods/Target Support Files/Pods-instagramTests/Pods-instagramTests-frameworks.sh\"\n";
			showEnvVarsInLog = 0;
		};
		98A08B491ADC739D7A74867C /* [CP] Embed Pods Frameworks */ = {
			isa = PBXShellScriptBuildPhase;
			buildActionMask = 2147483647;
			files = (
			);
			inputPaths = (
			);
			name = "[CP] Embed Pods Frameworks";
			outputPaths = (
			);
			runOnlyForDeploymentPostprocessing = 0;
			shellPath = /bin/sh;
			shellScript = "\"${SRCROOT}/Pods/Target Support Files/Pods-instagram/Pods-instagram-frameworks.sh\"\n";
			showEnvVarsInLog = 0;
		};
		AD881E6329383CE7AE23419D /* [CP] Check Pods Manifest.lock */ = {
			isa = PBXShellScriptBuildPhase;
			buildActionMask = 2147483647;
			files = (
			);
			inputPaths = (
			);
			name = "[CP] Check Pods Manifest.lock";
			outputPaths = (
			);
			runOnlyForDeploymentPostprocessing = 0;
			shellPath = /bin/sh;
			shellScript = "diff \"${PODS_PODFILE_DIR_PATH}/Podfile.lock\" \"${PODS_ROOT}/Manifest.lock\" > /dev/null\nif [ $? != 0 ] ; then\n    # print error to STDERR\n    echo \"error: The sandbox is not in sync with the Podfile.lock. Run 'pod install' or update your CocoaPods installation.\" >&2\n    exit 1\nfi\n";
			showEnvVarsInLog = 0;
		};
		B4EC6C1D20D316E98561BDEE /* [CP] Embed Pods Frameworks */ = {
			isa = PBXShellScriptBuildPhase;
			buildActionMask = 2147483647;
			files = (
			);
			inputPaths = (
			);
			name = "[CP] Embed Pods Frameworks";
			outputPaths = (
			);
			runOnlyForDeploymentPostprocessing = 0;
			shellPath = /bin/sh;
			shellScript = "\"${SRCROOT}/Pods/Target Support Files/Pods-instagramUITests/Pods-instagramUITests-frameworks.sh\"\n";
			showEnvVarsInLog = 0;
		};
		F30DBD4D825BD50A7A31F4DD /* [CP] Copy Pods Resources */ = {
			isa = PBXShellScriptBuildPhase;
			buildActionMask = 2147483647;
			files = (
			);
			inputPaths = (
			);
			name = "[CP] Copy Pods Resources";
			outputPaths = (
			);
			runOnlyForDeploymentPostprocessing = 0;
			shellPath = /bin/sh;
			shellScript = "\"${SRCROOT}/Pods/Target Support Files/Pods-instagramTests/Pods-instagramTests-resources.sh\"\n";
			showEnvVarsInLog = 0;
		};
/* End PBXShellScriptBuildPhase section */

/* Begin PBXSourcesBuildPhase section */
		812B49681F030422001138A7 /* Sources */ = {
			isa = PBXSourcesBuildPhase;
			buildActionMask = 2147483647;
			files = (
				812B49AA1F0389C0001138A7 /* PostViewController.swift in Sources */,
				812B499E1F030D78001138A7 /* LoginViewController.swift in Sources */,
				812B49A01F032670001138A7 /* FeedViewController.swift in Sources */,
				812B49701F030422001138A7 /* AppDelegate.swift in Sources */,
				812B49AC1F039776001138A7 /* ProfileViewController.swift in Sources */,
				812B49A41F032ED1001138A7 /* Post.swift in Sources */,
				812B49A81F033147001138A7 /* PostCell.swift in Sources */,
				812B49B01F047C70001138A7 /* DetailViewController.swift in Sources */,
				812B49B31F047F55001138A7 /* PicCell.swift in Sources */,
			);
			runOnlyForDeploymentPostprocessing = 0;
		};
		812B497C1F030422001138A7 /* Sources */ = {
			isa = PBXSourcesBuildPhase;
			buildActionMask = 2147483647;
			files = (
				812B49851F030422001138A7 /* instagramTests.swift in Sources */,
			);
			runOnlyForDeploymentPostprocessing = 0;
		};
		812B49871F030422001138A7 /* Sources */ = {
			isa = PBXSourcesBuildPhase;
			buildActionMask = 2147483647;
			files = (
				812B49901F030422001138A7 /* instagramUITests.swift in Sources */,
			);
			runOnlyForDeploymentPostprocessing = 0;
		};
/* End PBXSourcesBuildPhase section */

/* Begin PBXTargetDependency section */
		812B49821F030422001138A7 /* PBXTargetDependency */ = {
			isa = PBXTargetDependency;
			target = 812B496B1F030422001138A7 /* instagram */;
			targetProxy = 812B49811F030422001138A7 /* PBXContainerItemProxy */;
		};
		812B498D1F030422001138A7 /* PBXTargetDependency */ = {
			isa = PBXTargetDependency;
			target = 812B496B1F030422001138A7 /* instagram */;
			targetProxy = 812B498C1F030422001138A7 /* PBXContainerItemProxy */;
		};
/* End PBXTargetDependency section */

/* Begin PBXVariantGroup section */
		812B49731F030422001138A7 /* Main.storyboard */ = {
			isa = PBXVariantGroup;
			children = (
				812B49741F030422001138A7 /* Base */,
			);
			name = Main.storyboard;
			sourceTree = "<group>";
		};
		812B49781F030422001138A7 /* LaunchScreen.storyboard */ = {
			isa = PBXVariantGroup;
			children = (
				812B49791F030422001138A7 /* Base */,
			);
			name = LaunchScreen.storyboard;
			sourceTree = "<group>";
		};
/* End PBXVariantGroup section */

/* Begin XCBuildConfiguration section */
		812B49921F030422001138A7 /* Debug */ = {
			isa = XCBuildConfiguration;
			buildSettings = {
				ALWAYS_SEARCH_USER_PATHS = NO;
				CLANG_ANALYZER_NONNULL = YES;
				CLANG_ANALYZER_NUMBER_OBJECT_CONVERSION = YES_AGGRESSIVE;
				CLANG_CXX_LANGUAGE_STANDARD = "gnu++0x";
				CLANG_CXX_LIBRARY = "libc++";
				CLANG_ENABLE_MODULES = YES;
				CLANG_ENABLE_OBJC_ARC = YES;
				CLANG_WARN_BOOL_CONVERSION = YES;
				CLANG_WARN_CONSTANT_CONVERSION = YES;
				CLANG_WARN_DIRECT_OBJC_ISA_USAGE = YES_ERROR;
				CLANG_WARN_DOCUMENTATION_COMMENTS = YES;
				CLANG_WARN_EMPTY_BODY = YES;
				CLANG_WARN_ENUM_CONVERSION = YES;
				CLANG_WARN_INFINITE_RECURSION = YES;
				CLANG_WARN_INT_CONVERSION = YES;
				CLANG_WARN_OBJC_ROOT_CLASS = YES_ERROR;
				CLANG_WARN_SUSPICIOUS_MOVE = YES;
				CLANG_WARN_UNREACHABLE_CODE = YES;
				CLANG_WARN__DUPLICATE_METHOD_MATCH = YES;
				"CODE_SIGN_IDENTITY[sdk=iphoneos*]" = "iPhone Developer";
				COPY_PHASE_STRIP = NO;
				DEBUG_INFORMATION_FORMAT = dwarf;
				ENABLE_STRICT_OBJC_MSGSEND = YES;
				ENABLE_TESTABILITY = YES;
				GCC_C_LANGUAGE_STANDARD = gnu99;
				GCC_DYNAMIC_NO_PIC = NO;
				GCC_NO_COMMON_BLOCKS = YES;
				GCC_OPTIMIZATION_LEVEL = 0;
				GCC_PREPROCESSOR_DEFINITIONS = (
					"DEBUG=1",
					"$(inherited)",
				);
				GCC_WARN_64_TO_32_BIT_CONVERSION = YES;
				GCC_WARN_ABOUT_RETURN_TYPE = YES_ERROR;
				GCC_WARN_UNDECLARED_SELECTOR = YES;
				GCC_WARN_UNINITIALIZED_AUTOS = YES_AGGRESSIVE;
				GCC_WARN_UNUSED_FUNCTION = YES;
				GCC_WARN_UNUSED_VARIABLE = YES;
				IPHONEOS_DEPLOYMENT_TARGET = 10.3;
				MTL_ENABLE_DEBUG_INFO = YES;
				ONLY_ACTIVE_ARCH = YES;
				SDKROOT = iphoneos;
				SWIFT_ACTIVE_COMPILATION_CONDITIONS = DEBUG;
				SWIFT_OPTIMIZATION_LEVEL = "-Onone";
			};
			name = Debug;
		};
		812B49931F030422001138A7 /* Release */ = {
			isa = XCBuildConfiguration;
			buildSettings = {
				ALWAYS_SEARCH_USER_PATHS = NO;
				CLANG_ANALYZER_NONNULL = YES;
				CLANG_ANALYZER_NUMBER_OBJECT_CONVERSION = YES_AGGRESSIVE;
				CLANG_CXX_LANGUAGE_STANDARD = "gnu++0x";
				CLANG_CXX_LIBRARY = "libc++";
				CLANG_ENABLE_MODULES = YES;
				CLANG_ENABLE_OBJC_ARC = YES;
				CLANG_WARN_BOOL_CONVERSION = YES;
				CLANG_WARN_CONSTANT_CONVERSION = YES;
				CLANG_WARN_DIRECT_OBJC_ISA_USAGE = YES_ERROR;
				CLANG_WARN_DOCUMENTATION_COMMENTS = YES;
				CLANG_WARN_EMPTY_BODY = YES;
				CLANG_WARN_ENUM_CONVERSION = YES;
				CLANG_WARN_INFINITE_RECURSION = YES;
				CLANG_WARN_INT_CONVERSION = YES;
				CLANG_WARN_OBJC_ROOT_CLASS = YES_ERROR;
				CLANG_WARN_SUSPICIOUS_MOVE = YES;
				CLANG_WARN_UNREACHABLE_CODE = YES;
				CLANG_WARN__DUPLICATE_METHOD_MATCH = YES;
				"CODE_SIGN_IDENTITY[sdk=iphoneos*]" = "iPhone Developer";
				COPY_PHASE_STRIP = NO;
				DEBUG_INFORMATION_FORMAT = "dwarf-with-dsym";
				ENABLE_NS_ASSERTIONS = NO;
				ENABLE_STRICT_OBJC_MSGSEND = YES;
				GCC_C_LANGUAGE_STANDARD = gnu99;
				GCC_NO_COMMON_BLOCKS = YES;
				GCC_WARN_64_TO_32_BIT_CONVERSION = YES;
				GCC_WARN_ABOUT_RETURN_TYPE = YES_ERROR;
				GCC_WARN_UNDECLARED_SELECTOR = YES;
				GCC_WARN_UNINITIALIZED_AUTOS = YES_AGGRESSIVE;
				GCC_WARN_UNUSED_FUNCTION = YES;
				GCC_WARN_UNUSED_VARIABLE = YES;
				IPHONEOS_DEPLOYMENT_TARGET = 10.3;
				MTL_ENABLE_DEBUG_INFO = NO;
				SDKROOT = iphoneos;
				SWIFT_OPTIMIZATION_LEVEL = "-Owholemodule";
				VALIDATE_PRODUCT = YES;
			};
			name = Release;
		};
		812B49951F030422001138A7 /* Debug */ = {
			isa = XCBuildConfiguration;
			baseConfigurationReference = 1D860F188A61B5100C0C2420 /* Pods-instagram.debug.xcconfig */;
			buildSettings = {
				ASSETCATALOG_COMPILER_APPICON_NAME = AppIcon;
				DEVELOPMENT_TEAM = 66XFGWHLA7;
				INFOPLIST_FILE = instagram/Info.plist;
				LD_RUNPATH_SEARCH_PATHS = "$(inherited) @executable_path/Frameworks";
				PRODUCT_BUNDLE_IDENTIFIER = com.audrey.instagram;
				PRODUCT_NAME = "$(TARGET_NAME)";
				SWIFT_VERSION = 3.0;
			};
			name = Debug;
		};
		812B49961F030422001138A7 /* Release */ = {
			isa = XCBuildConfiguration;
			baseConfigurationReference = 091BDAEB43BB3315D00CF710 /* Pods-instagram.release.xcconfig */;
			buildSettings = {
				ASSETCATALOG_COMPILER_APPICON_NAME = AppIcon;
				DEVELOPMENT_TEAM = 66XFGWHLA7;
				INFOPLIST_FILE = instagram/Info.plist;
				LD_RUNPATH_SEARCH_PATHS = "$(inherited) @executable_path/Frameworks";
				PRODUCT_BUNDLE_IDENTIFIER = com.audrey.instagram;
				PRODUCT_NAME = "$(TARGET_NAME)";
				SWIFT_VERSION = 3.0;
			};
			name = Release;
		};
		812B49981F030422001138A7 /* Debug */ = {
			isa = XCBuildConfiguration;
			baseConfigurationReference = D13FD1538389E7DBD66226EC /* Pods-instagramTests.debug.xcconfig */;
			buildSettings = {
				ALWAYS_EMBED_SWIFT_STANDARD_LIBRARIES = YES;
				BUNDLE_LOADER = "$(TEST_HOST)";
				INFOPLIST_FILE = instagramTests/Info.plist;
				LD_RUNPATH_SEARCH_PATHS = "$(inherited) @executable_path/Frameworks @loader_path/Frameworks";
				PRODUCT_BUNDLE_IDENTIFIER = com.audrey.instagramTests;
				PRODUCT_NAME = "$(TARGET_NAME)";
				SWIFT_VERSION = 3.0;
				TEST_HOST = "$(BUILT_PRODUCTS_DIR)/instagram.app/instagram";
			};
			name = Debug;
		};
		812B49991F030422001138A7 /* Release */ = {
			isa = XCBuildConfiguration;
			baseConfigurationReference = 98A4F42F68AD279EEE2A922E /* Pods-instagramTests.release.xcconfig */;
			buildSettings = {
				ALWAYS_EMBED_SWIFT_STANDARD_LIBRARIES = YES;
				BUNDLE_LOADER = "$(TEST_HOST)";
				INFOPLIST_FILE = instagramTests/Info.plist;
				LD_RUNPATH_SEARCH_PATHS = "$(inherited) @executable_path/Frameworks @loader_path/Frameworks";
				PRODUCT_BUNDLE_IDENTIFIER = com.audrey.instagramTests;
				PRODUCT_NAME = "$(TARGET_NAME)";
				SWIFT_VERSION = 3.0;
				TEST_HOST = "$(BUILT_PRODUCTS_DIR)/instagram.app/instagram";
			};
			name = Release;
		};
		812B499B1F030422001138A7 /* Debug */ = {
			isa = XCBuildConfiguration;
			baseConfigurationReference = 70CE885C931EFB59E37D1EC1 /* Pods-instagramUITests.debug.xcconfig */;
			buildSettings = {
				ALWAYS_EMBED_SWIFT_STANDARD_LIBRARIES = YES;
				INFOPLIST_FILE = instagramUITests/Info.plist;
				LD_RUNPATH_SEARCH_PATHS = "$(inherited) @executable_path/Frameworks @loader_path/Frameworks";
				PRODUCT_BUNDLE_IDENTIFIER = com.audrey.instagramUITests;
				PRODUCT_NAME = "$(TARGET_NAME)";
				SWIFT_VERSION = 3.0;
				TEST_TARGET_NAME = instagram;
			};
			name = Debug;
		};
		812B499C1F030422001138A7 /* Release */ = {
			isa = XCBuildConfiguration;
			baseConfigurationReference = C34A1C7B6C1F03A92DF6F09C /* Pods-instagramUITests.release.xcconfig */;
			buildSettings = {
				ALWAYS_EMBED_SWIFT_STANDARD_LIBRARIES = YES;
				INFOPLIST_FILE = instagramUITests/Info.plist;
				LD_RUNPATH_SEARCH_PATHS = "$(inherited) @executable_path/Frameworks @loader_path/Frameworks";
				PRODUCT_BUNDLE_IDENTIFIER = com.audrey.instagramUITests;
				PRODUCT_NAME = "$(TARGET_NAME)";
				SWIFT_VERSION = 3.0;
				TEST_TARGET_NAME = instagram;
			};
			name = Release;
		};
/* End XCBuildConfiguration section */

/* Begin XCConfigurationList section */
		812B49671F030422001138A7 /* Build configuration list for PBXProject "instagram" */ = {
			isa = XCConfigurationList;
			buildConfigurations = (
				812B49921F030422001138A7 /* Debug */,
				812B49931F030422001138A7 /* Release */,
			);
			defaultConfigurationIsVisible = 0;
			defaultConfigurationName = Release;
		};
		812B49941F030422001138A7 /* Build configuration list for PBXNativeTarget "instagram" */ = {
			isa = XCConfigurationList;
			buildConfigurations = (
				812B49951F030422001138A7 /* Debug */,
				812B49961F030422001138A7 /* Release */,
			);
			defaultConfigurationIsVisible = 0;
			defaultConfigurationName = Release;
		};
		812B49971F030422001138A7 /* Build configuration list for PBXNativeTarget "instagramTests" */ = {
			isa = XCConfigurationList;
			buildConfigurations = (
				812B49981F030422001138A7 /* Debug */,
				812B49991F030422001138A7 /* Release */,
			);
			defaultConfigurationIsVisible = 0;
			defaultConfigurationName = Release;
		};
		812B499A1F030422001138A7 /* Build configuration list for PBXNativeTarget "instagramUITests" */ = {
			isa = XCConfigurationList;
			buildConfigurations = (
				812B499B1F030422001138A7 /* Debug */,
				812B499C1F030422001138A7 /* Release */,
			);
			defaultConfigurationIsVisible = 0;
			defaultConfigurationName = Release;
		};
/* End XCConfigurationList section */
	};
	rootObject = 812B49641F030422001138A7 /* Project object */;
}
